# This file is automatically @generated by Cargo.
# It is not intended for manual editing.
[[package]]
name = "assert_hex"
version = "0.1.0"
source = "registry+https://github.com/rust-lang/crates.io-index"
checksum = "7031bcbf9db905d08e9e9fd5d88880341d0250ba7b7e6527b9c276b8d7e36473"

[[package]]
name = "chip8-emulator"
version = "0.1.0"
dependencies = [
 "assert_hex",
]
